
Microsoft Visual Studio Solution File, Format Version 12.00
# Visual Studio Version 17
VisualStudioVersion = 17.5.002.0
MinimumVisualStudioVersion = 10.0.40219.1
Project("{9A19103F-16F7-4668-BE54-9A1E7A4F7556}") = "DesafioProjetoHospedagem", "DesafioProjetoHospedagem.csproj", "{53AD44F8-1B9C-44AC-B4AE-E8C3C2918AE8}"
EndProject
Global
	GlobalSection(SolutionConfigurationPlatforms) = preSolution
		Debug|Any CPU = Debug|Any CPU
		Release|Any CPU = Release|Any CPU
	EndGlobalSection
	GlobalSection(ProjectConfigurationPlatforms) = postSolution
		{53AD44F8-1B9C-44AC-B4AE-E8C3C2918AE8}.Debug|Any CPU.ActiveCfg = Debug|Any CPU
		{53AD44F8-1B9C-44AC-B4AE-E8C3C2918AE8}.Debug|Any CPU.Build.0 = Debug|Any CPU
		{53AD44F8-1B9C-44AC-B4AE-E8C3C2918AE8}.Release|Any CPU.ActiveCfg = Release|Any CPU
		{53AD44F8-1B9C-44AC-B4AE-E8C3C2918AE8}.Release|Any CPU.Build.0 = Release|Any CPU
	EndGlobalSection
	GlobalSection(SolutionProperties) = preSolution
		HideSolutionNode = FALSE
	EndGlobalSection
	GlobalSection(ExtensibilityGlobals) = postSolution
		SolutionGuid = {D547F9CB-CAB3-4553-A1D3-FCD8790B8BE1}
	EndGlobalSection
EndGlobal
